
Microsoft Visual Studio Solution File, Format Version 12.00
# Visual Studio Version 16
VisualStudioVersion = 16.0.30114.105
MinimumVisualStudioVersion = 10.0.40219.1
Project("{FAE04EC0-301F-11D3-BF4B-00C04F79EFBC}") = "API", "API\API.csproj", "{2A84C35B-5FAE-421F-AC15-2FADCC902159}"
EndProject
Project("{FAE04EC0-301F-11D3-BF4B-00C04F79EFBC}") = "Application", "Application\Application.csproj", "{2846B635-38D1-490E-9323-A6C1A7AC993C}"
EndProject
Project("{FAE04EC0-301F-11D3-BF4B-00C04F79EFBC}") = "Domain", "Domain\Domain.csproj", "{79B3E46B-94DE-4566-B2FC-4EEB3F280FEF}"
EndProject
Project("{FAE04EC0-301F-11D3-BF4B-00C04F79EFBC}") = "Persistence", "Persistence\Persistence.csproj", "{BE97F430-98F1-4C57-A03F-F0BC83D02126}"
EndProject
Global
	GlobalSection(SolutionConfigurationPlatforms) = preSolution
		Debug|Any CPU = Debug|Any CPU
		Debug|x64 = Debug|x64
		Debug|x86 = Debug|x86
		Release|Any CPU = Release|Any CPU
		Release|x64 = Release|x64
		Release|x86 = Release|x86
	EndGlobalSection
	GlobalSection(SolutionProperties) = preSolution
		HideSolutionNode = FALSE
	EndGlobalSection
	GlobalSection(ProjectConfigurationPlatforms) = postSolution
		{2A84C35B-5FAE-421F-AC15-2FADCC902159}.Debug|Any CPU.ActiveCfg = Debug|Any CPU
		{2A84C35B-5FAE-421F-AC15-2FADCC902159}.Debug|Any CPU.Build.0 = Debug|Any CPU
		{2A84C35B-5FAE-421F-AC15-2FADCC902159}.Debug|x64.ActiveCfg = Debug|Any CPU
		{2A84C35B-5FAE-421F-AC15-2FADCC902159}.Debug|x64.Build.0 = Debug|Any CPU
		{2A84C35B-5FAE-421F-AC15-2FADCC902159}.Debug|x86.ActiveCfg = Debug|Any CPU
		{2A84C35B-5FAE-421F-AC15-2FADCC902159}.Debug|x86.Build.0 = Debug|Any CPU
		{2A84C35B-5FAE-421F-AC15-2FADCC902159}.Release|Any CPU.ActiveCfg = Release|Any CPU
		{2A84C35B-5FAE-421F-AC15-2FADCC902159}.Release|Any CPU.Build.0 = Release|Any CPU
		{2A84C35B-5FAE-421F-AC15-2FADCC902159}.Release|x64.ActiveCfg = Release|Any CPU
		{2A84C35B-5FAE-421F-AC15-2FADCC902159}.Release|x64.Build.0 = Release|Any CPU
		{2A84C35B-5FAE-421F-AC15-2FADCC902159}.Release|x86.ActiveCfg = Release|Any CPU
		{2A84C35B-5FAE-421F-AC15-2FADCC902159}.Release|x86.Build.0 = Release|Any CPU
		{2846B635-38D1-490E-9323-A6C1A7AC993C}.Debug|Any CPU.ActiveCfg = Debug|Any CPU
		{2846B635-38D1-490E-9323-A6C1A7AC993C}.Debug|Any CPU.Build.0 = Debug|Any CPU
		{2846B635-38D1-490E-9323-A6C1A7AC993C}.Debug|x64.ActiveCfg = Debug|Any CPU
		{2846B635-38D1-490E-9323-A6C1A7AC993C}.Debug|x64.Build.0 = Debug|Any CPU
		{2846B635-38D1-490E-9323-A6C1A7AC993C}.Debug|x86.ActiveCfg = Debug|Any CPU
		{2846B635-38D1-490E-9323-A6C1A7AC993C}.Debug|x86.Build.0 = Debug|Any CPU
		{2846B635-38D1-490E-9323-A6C1A7AC993C}.Release|Any CPU.ActiveCfg = Release|Any CPU
		{2846B635-38D1-490E-9323-A6C1A7AC993C}.Release|Any CPU.Build.0 = Release|Any CPU
		{2846B635-38D1-490E-9323-A6C1A7AC993C}.Release|x64.ActiveCfg = Release|Any CPU
		{2846B635-38D1-490E-9323-A6C1A7AC993C}.Release|x64.Build.0 = Release|Any CPU
		{2846B635-38D1-490E-9323-A6C1A7AC993C}.Release|x86.ActiveCfg = Release|Any CPU
		{2846B635-38D1-490E-9323-A6C1A7AC993C}.Release|x86.Build.0 = Release|Any CPU
		{79B3E46B-94DE-4566-B2FC-4EEB3F280FEF}.Debug|Any CPU.ActiveCfg = Debug|Any CPU
		{79B3E46B-94DE-4566-B2FC-4EEB3F280FEF}.Debug|Any CPU.Build.0 = Debug|Any CPU
		{79B3E46B-94DE-4566-B2FC-4EEB3F280FEF}.Debug|x64.ActiveCfg = Debug|Any CPU
		{79B3E46B-94DE-4566-B2FC-4EEB3F280FEF}.Debug|x64.Build.0 = Debug|Any CPU
		{79B3E46B-94DE-4566-B2FC-4EEB3F280FEF}.Debug|x86.ActiveCfg = Debug|Any CPU
		{79B3E46B-94DE-4566-B2FC-4EEB3F280FEF}.Debug|x86.Build.0 = Debug|Any CPU
		{79B3E46B-94DE-4566-B2FC-4EEB3F280FEF}.Release|Any CPU.ActiveCfg = Release|Any CPU
		{79B3E46B-94DE-4566-B2FC-4EEB3F280FEF}.Release|Any CPU.Build.0 = Release|Any CPU
		{79B3E46B-94DE-4566-B2FC-4EEB3F280FEF}.Release|x64.ActiveCfg = Release|Any CPU
		{79B3E46B-94DE-4566-B2FC-4EEB3F280FEF}.Release|x64.Build.0 = Release|Any CPU
		{79B3E46B-94DE-4566-B2FC-4EEB3F280FEF}.Release|x86.ActiveCfg = Release|Any CPU
		{79B3E46B-94DE-4566-B2FC-4EEB3F280FEF}.Release|x86.Build.0 = Release|Any CPU
		{BE97F430-98F1-4C57-A03F-F0BC83D02126}.Debug|Any CPU.ActiveCfg = Debug|Any CPU
		{BE97F430-98F1-4C57-A03F-F0BC83D02126}.Debug|Any CPU.Build.0 = Debug|Any CPU
		{BE97F430-98F1-4C57-A03F-F0BC83D02126}.Debug|x64.ActiveCfg = Debug|Any CPU
		{BE97F430-98F1-4C57-A03F-F0BC83D02126}.Debug|x64.Build.0 = Debug|Any CPU
		{BE97F430-98F1-4C57-A03F-F0BC83D02126}.Debug|x86.ActiveCfg = Debug|Any CPU
		{BE97F430-98F1-4C57-A03F-F0BC83D02126}.Debug|x86.Build.0 = Debug|Any CPU
		{BE97F430-98F1-4C57-A03F-F0BC83D02126}.Release|Any CPU.ActiveCfg = Release|Any CPU
		{BE97F430-98F1-4C57-A03F-F0BC83D02126}.Release|Any CPU.Build.0 = Release|Any CPU
		{BE97F430-98F1-4C57-A03F-F0BC83D02126}.Release|x64.ActiveCfg = Release|Any CPU
		{BE97F430-98F1-4C57-A03F-F0BC83D02126}.Release|x64.Build.0 = Release|Any CPU
		{BE97F430-98F1-4C57-A03F-F0BC83D02126}.Release|x86.ActiveCfg = Release|Any CPU
		{BE97F430-98F1-4C57-A03F-F0BC83D02126}.Release|x86.Build.0 = Release|Any CPU
	EndGlobalSection
EndGlobal
